
Microsoft Visual Studio Solution File, Format Version 12.00
# Visual Studio 15
VisualStudioVersion = 15.0.28307.168
MinimumVisualStudioVersion = 10.0.40219.1
Project("{9A19103F-16F7-4668-BE54-9A1E7A4F7556}") = "Rideshare.Uber.Sdk", "Rideshare.Uber.Sdk\Rideshare.Uber.Sdk.csproj", "{5D8F8FF9-EB29-4DE5-97DC-DA9C3A02C43C}"
EndProject
Project("{FAE04EC0-301F-11D3-BF4B-00C04F79EFBC}") = "Rideshare.Uber.Sdk.Tests", "Rideshare.Uber.Sdk.Tests\Rideshare.Uber.Sdk.Tests.csproj", "{29378FC4-499B-4175-9903-95470FB3B462}"
EndProject
Global
	GlobalSection(SolutionConfigurationPlatforms) = preSolution
		Debug|Any CPU = Debug|Any CPU
		Release|Any CPU = Release|Any CPU
	EndGlobalSection
	GlobalSection(ProjectConfigurationPlatforms) = postSolution
		{5D8F8FF9-EB29-4DE5-97DC-DA9C3A02C43C}.Debug|Any CPU.ActiveCfg = Debug|Any CPU
		{5D8F8FF9-EB29-4DE5-97DC-DA9C3A02C43C}.Debug|Any CPU.Build.0 = Debug|Any CPU
		{5D8F8FF9-EB29-4DE5-97DC-DA9C3A02C43C}.Release|Any CPU.ActiveCfg = Release|Any CPU
		{5D8F8FF9-EB29-4DE5-97DC-DA9C3A02C43C}.Release|Any CPU.Build.0 = Release|Any CPU
		{29378FC4-499B-4175-9903-95470FB3B462}.Debug|Any CPU.ActiveCfg = Debug|Any CPU
		{29378FC4-499B-4175-9903-95470FB3B462}.Debug|Any CPU.Build.0 = Debug|Any CPU
		{29378FC4-499B-4175-9903-95470FB3B462}.Release|Any CPU.ActiveCfg = Release|Any CPU
		{29378FC4-499B-4175-9903-95470FB3B462}.Release|Any CPU.Build.0 = Release|Any CPU
	EndGlobalSection
	GlobalSection(SolutionProperties) = preSolution
		HideSolutionNode = FALSE
	EndGlobalSection
	GlobalSection(ExtensibilityGlobals) = postSolution
		SolutionGuid = {40A637B0-5C82-41E5-A6E3-559A7E36D018}
	EndGlobalSection
EndGlobal
